
Microsoft Visual Studio Solution File, Format Version 11.00
# Visual C# Express 2010
Project("{FAE04EC0-301F-11D3-BF4B-00C04F79EFBC}") = "DAWRPC", "DAWRPC\DAWRPC.csproj", "{C9F031F3-4999-4635-A691-37ABA8886603}"
EndProject
Global
	GlobalSection(SolutionConfigurationPlatforms) = preSolution
		Debug|Any CPU = Debug|Any CPU
		Release|Any CPU = Release|Any CPU
	EndGlobalSection
	GlobalSection(ProjectConfigurationPlatforms) = postSolution
		{C9F031F3-4999-4635-A691-37ABA8886603}.Debug|Any CPU.ActiveCfg = Debug|Any CPU
		{C9F031F3-4999-4635-A691-37ABA8886603}.Debug|Any CPU.Build.0 = Debug|Any CPU
		{C9F031F3-4999-4635-A691-37ABA8886603}.Release|Any CPU.ActiveCfg = Release|Any CPU
		{C9F031F3-4999-4635-A691-37ABA8886603}.Release|Any CPU.Build.0 = Release|Any CPU
	EndGlobalSection
	GlobalSection(SolutionProperties) = preSolution
		HideSolutionNode = FALSE
	EndGlobalSection
EndGlobal
